PODS:
  - ActionSheetPicker-3.0 (1.7.2)
  - Crashlytics (3.1.1)
  - Fabric (1.4.0):
    - Fabric/Base
  - Fabric/Base (1.4.0)
  - JBChartView (2.8.15)

DEPENDENCIES:
  - ActionSheetPicker-3.0
  - Crashlytics
  - Fabric
  - JBChartView

SPEC CHECKSUMS:
  ActionSheetPicker-3.0: c5bdca19fd8b3d798f0c79892cbab6f11a8523ae
  Crashlytics: 39ab395565bc03c29cdecd2b9d103ebf30930c10
  Fabric: 6d1d1c1eaf7ebc76fc3307e2c0259456411baf26
  JBChartView: d77d6a713a32547b24ccfaeba90958e7274f0c9d

COCOAPODS: 0.34.4
