// !$*UTF8*$!
{
	archiveVersion = 1;
	classes = {
	};
	objectVersion = 46;
	objects = {

/* Begin PBXBuildFile section */
		F071131F1B4C232A00D0A7D1 /* FocusConstants.m in Sources */ = {isa = PBXBuildFile; fileRef = F071131E1B4C232A00D0A7D1 /* FocusConstants.m */; };
		F07113321B4E793C00D0A7D1 /* FOCCharacteristicDiscoveryManager.m in Sources */ = {isa = PBXBuildFile; fileRef = F07113311B4E793C00D0A7D1 /* FOCCharacteristicDiscoveryManager.m */; };
		F07113381B4E85DD00D0A7D1 /* FOCBasePeripheralManager.m in Sources */ = {isa = PBXBuildFile; fileRef = F07113371B4E85DD00D0A7D1 /* FOCBasePeripheralManager.m */; };
		F071133D1B4E88A500D0A7D1 /* FOCProgramSyncManager.m in Sources */ = {isa = PBXBuildFile; fileRef = F071133C1B4E88A500D0A7D1 /* FOCProgramSyncManager.m */; };
		F07113401B4FDE5600D0A7D1 /* FOCDeviceProgramEntity.m in Sources */ = {isa = PBXBuildFile; fileRef = F071133F1B4FDE5600D0A7D1 /* FOCDeviceProgramEntity.m */; };
		F07113431B4FF64000D0A7D1 /* FOCProgramRequestManager.m in Sources */ = {isa = PBXBuildFile; fileRef = F07113421B4FF64000D0A7D1 /* FOCProgramRequestManager.m */; };
		F07113461B5405B400D0A7D1 /* FOCFontAwesome.m in Sources */ = {isa = PBXBuildFile; fileRef = F07113451B5405B400D0A7D1 /* FOCFontAwesome.m */; };
		F071135A1B54112800D0A7D1 /* FontAwesome.ttf in Resources */ = {isa = PBXBuildFile; fileRef = F07113581B5410EB00D0A7D1 /* FontAwesome.ttf */; };
		F071135D1B551EF800D0A7D1 /* FOCBluetoothPairManager.m in Sources */ = {isa = PBXBuildFile; fileRef = F071135C1B551EF800D0A7D1 /* FOCBluetoothPairManager.m */; };
		F07113601B55543200D0A7D1 /* FOCDefaultProgramProvider.m in Sources */ = {isa = PBXBuildFile; fileRef = F071135F1B55543200D0A7D1 /* FOCDefaultProgramProvider.m */; };
		F07113661B555DEA00D0A7D1 /* program_wave.png in Resources */ = {isa = PBXBuildFile; fileRef = F07113611B555DEA00D0A7D1 /* program_wave.png */; };
		F07113671B555DEA00D0A7D1 /* program_pulse.png in Resources */ = {isa = PBXBuildFile; fileRef = F07113621B555DEA00D0A7D1 /* program_pulse.png */; };
		F07113681B555DEA00D0A7D1 /* program_gamer.png in Resources */ = {isa = PBXBuildFile; fileRef = F07113631B555DEA00D0A7D1 /* program_gamer.png */; };
		F07113691B555DEA00D0A7D1 /* program_enduro.png in Resources */ = {isa = PBXBuildFile; fileRef = F07113641B555DEA00D0A7D1 /* program_enduro.png */; };
		F071136A1B555DEA00D0A7D1 /* program_noise.png in Resources */ = {isa = PBXBuildFile; fileRef = F07113651B555DEA00D0A7D1 /* program_noise.png */; };
		F071136E1B5562E100D0A7D1 /* bluetooth_connected.png in Resources */ = {isa = PBXBuildFile; fileRef = F071136B1B5562E100D0A7D1 /* bluetooth_connected.png */; };
		F071136F1B5562E100D0A7D1 /* bluetooth_disconnected.png in Resources */ = {isa = PBXBuildFile; fileRef = F071136C1B5562E100D0A7D1 /* bluetooth_disconnected.png */; };
		F07113701B5562E100D0A7D1 /* bluetooth_disabled.png in Resources */ = {isa = PBXBuildFile; fileRef = F071136D1B5562E100D0A7D1 /* bluetooth_disabled.png */; };
		F07113941B56774E00D0A7D1 /* FOCProgramModeWrapper.m in Sources */ = {isa = PBXBuildFile; fileRef = F07113931B56774E00D0A7D1 /* FOCProgramModeWrapper.m */; };
		F07113971B5680C900D0A7D1 /* FOCDisplayAttributeModel.m in Sources */ = {isa = PBXBuildFile; fileRef = F07113961B5680C900D0A7D1 /* FOCDisplayAttributeModel.m */; };
		F071139A1B569C7700D0A7D1 /* FOCPaddedLabel.m in Sources */ = {isa = PBXBuildFile; fileRef = F07113991B569C7700D0A7D1 /* FOCPaddedLabel.m */; };
		F07113DD1B56B85500D0A7D1 /* FocusProgram.xcdatamodeld in Sources */ = {isa = PBXBuildFile; fileRef = F07113DB1B56B85500D0A7D1 /* FocusProgram.xcdatamodeld */; };
		F08834631B42E1310022400A /* FOCDeviceManager.m in Sources */ = {isa = PBXBuildFile; fileRef = F08834621B42E1310022400A /* FOCDeviceManager.m */; };
		F08E18891B3D691A00FA765C /* main.m in Sources */ = {isa = PBXBuildFile; fileRef = F08E18881B3D691A00FA765C /* main.m */; };
		F08E188C1B3D691A00FA765C /* FOCAppDelegate.m in Sources */ = {isa = PBXBuildFile; fileRef = F08E188B1B3D691A00FA765C /* FOCAppDelegate.m */; };
		F08E188F1B3D691A00FA765C /* FOCRootViewController.m in Sources */ = {isa = PBXBuildFile; fileRef = F08E188E1B3D691A00FA765C /* FOCRootViewController.m */; };
		F08E18921B3D691A00FA765C /* FOCDataViewController.m in Sources */ = {isa = PBXBuildFile; fileRef = F08E18911B3D691A00FA765C /* FOCDataViewController.m */; };
		F08E18951B3D691A00FA765C /* FOCModelController.m in Sources */ = {isa = PBXBuildFile; fileRef = F08E18941B3D691A00FA765C /* FOCModelController.m */; };
		F08E18981B3D691A00FA765C /* Main.storyboard in Resources */ = {isa = PBXBuildFile; fileRef = F08E18961B3D691A00FA765C /* Main.storyboard */; };
		F08E189A1B3D691A00FA765C /* Images.xcassets in Resources */ = {isa = PBXBuildFile; fileRef = F08E18991B3D691A00FA765C /* Images.xcassets */; };
		F08E189D1B3D691A00FA765C /* LaunchScreen.xib in Resources */ = {isa = PBXBuildFile; fileRef = F08E189B1B3D691A00FA765C /* LaunchScreen.xib */; };
		F08E18A91B3D691A00FA765C /* FocusTests.m in Sources */ = {isa = PBXBuildFile; fileRef = F08E18A81B3D691A00FA765C /* FocusTests.m */; };
		F08E18B31B3D821500FA765C /* CoreBluetooth.framework in Frameworks */ = {isa = PBXBuildFile; fileRef = F08E18B21B3D821500FA765C /* CoreBluetooth.framework */; };
		F08E18B61B3D856600FA765C /* CoreFoundation.framework in Frameworks */ = {isa = PBXBuildFile; fileRef = F08E18B41B3D856600FA765C /* CoreFoundation.framework */; };
		F08E18B71B3D856600FA765C /* CoreGraphics.framework in Frameworks */ = {isa = PBXBuildFile; fileRef = F08E18B51B3D856600FA765C /* CoreGraphics.framework */; };
		F08E18B91B3D857A00FA765C /* Foundation.framework in Frameworks */ = {isa = PBXBuildFile; fileRef = F08E18B81B3D857A00FA765C /* Foundation.framework */; };
/* End PBXBuildFile section */

/* Begin PBXContainerItemProxy section */
		F08E18A31B3D691A00FA765C /* PBXContainerItemProxy */ = {
			isa = PBXContainerItemProxy;
			containerPortal = F08E187B1B3D691A00FA765C /* Project object */;
			proxyType = 1;
			remoteGlobalIDString = F08E18821B3D691A00FA765C;
			remoteInfo = Focus;
		};
/* End PBXContainerItemProxy section */

/* Begin PBXFileReference section */
		F071131D1B4C232A00D0A7D1 /* FocusConstants.h */ = {isa = PBXFileReference; fileEncoding = 4; lastKnownFileType = sourcecode.c.h; path = FocusConstants.h; sourceTree = "<group>"; };
		F071131E1B4C232A00D0A7D1 /* FocusConstants.m */ = {isa = PBXFileReference; fileEncoding = 4; lastKnownFileType = sourcecode.c.objc; path = FocusConstants.m; sourceTree = "<group>"; };
		F07113301B4E793C00D0A7D1 /* FOCCharacteristicDiscoveryManager.h */ = {isa = PBXFileReference; fileEncoding = 4; lastKnownFileType = sourcecode.c.h; path = FOCCharacteristicDiscoveryManager.h; sourceTree = "<group>"; };
		F07113311B4E793C00D0A7D1 /* FOCCharacteristicDiscoveryManager.m */ = {isa = PBXFileReference; fileEncoding = 4; lastKnownFileType = sourcecode.c.objc; path = FOCCharacteristicDiscoveryManager.m; sourceTree = "<group>"; };
		F07113361B4E85DD00D0A7D1 /* FOCBasePeripheralManager.h */ = {isa = PBXFileReference; fileEncoding = 4; lastKnownFileType = sourcecode.c.h; path = FOCBasePeripheralManager.h; sourceTree = "<group>"; };
		F07113371B4E85DD00D0A7D1 /* FOCBasePeripheralManager.m */ = {isa = PBXFileReference; fileEncoding = 4; lastKnownFileType = sourcecode.c.objc; path = FOCBasePeripheralManager.m; sourceTree = "<group>"; };
		F071133B1B4E88A500D0A7D1 /* FOCProgramSyncManager.h */ = {isa = PBXFileReference; fileEncoding = 4; lastKnownFileType = sourcecode.c.h; path = FOCProgramSyncManager.h; sourceTree = "<group>"; };
		F071133C1B4E88A500D0A7D1 /* FOCProgramSyncManager.m */ = {isa = PBXFileReference; fileEncoding = 4; lastKnownFileType = sourcecode.c.objc; path = FOCProgramSyncManager.m; sourceTree = "<group>"; };
		F071133E1B4FDE5600D0A7D1 /* FOCDeviceProgramEntity.h */ = {isa = PBXFileReference; fileEncoding = 4; lastKnownFileType = sourcecode.c.h; path = FOCDeviceProgramEntity.h; sourceTree = "<group>"; };
		F071133F1B4FDE5600D0A7D1 /* FOCDeviceProgramEntity.m */ = {isa = PBXFileReference; fileEncoding = 4; lastKnownFileType = sourcecode.c.objc; path = FOCDeviceProgramEntity.m; sourceTree = "<group>"; };
		F07113411B4FF64000D0A7D1 /* FOCProgramRequestManager.h */ = {isa = PBXFileReference; fileEncoding = 4; lastKnownFileType = sourcecode.c.h; path = FOCProgramRequestManager.h; sourceTree = "<group>"; };
		F07113421B4FF64000D0A7D1 /* FOCProgramRequestManager.m */ = {isa = PBXFileReference; fileEncoding = 4; lastKnownFileType = sourcecode.c.objc; path = FOCProgramRequestManager.m; sourceTree = "<group>"; };
		F07113441B5405B400D0A7D1 /* FOCFontAwesome.h */ = {isa = PBXFileReference; fileEncoding = 4; lastKnownFileType = sourcecode.c.h; path = FOCFontAwesome.h; sourceTree = "<group>"; };
		F07113451B5405B400D0A7D1 /* FOCFontAwesome.m */ = {isa = PBXFileReference; fileEncoding = 4; lastKnownFileType = sourcecode.c.objc; path = FOCFontAwesome.m; sourceTree = "<group>"; };
		F07113581B5410EB00D0A7D1 /* FontAwesome.ttf */ = {isa = PBXFileReference; lastKnownFileType = file; path = FontAwesome.ttf; sourceTree = "<group>"; };
		F071135B1B551EF800D0A7D1 /* FOCBluetoothPairManager.h */ = {isa = PBXFileReference; fileEncoding = 4; lastKnownFileType = sourcecode.c.h; path = FOCBluetoothPairManager.h; sourceTree = "<group>"; };
		F071135C1B551EF800D0A7D1 /* FOCBluetoothPairManager.m */ = {isa = PBXFileReference; fileEncoding = 4; lastKnownFileType = sourcecode.c.objc; path = FOCBluetoothPairManager.m; sourceTree = "<group>"; };
		F071135E1B55543200D0A7D1 /* FOCDefaultProgramProvider.h */ = {isa = PBXFileReference; fileEncoding = 4; lastKnownFileType = sourcecode.c.h; path = FOCDefaultProgramProvider.h; sourceTree = "<group>"; };
		F071135F1B55543200D0A7D1 /* FOCDefaultProgramProvider.m */ = {isa = PBXFileReference; fileEncoding = 4; lastKnownFileType = sourcecode.c.objc; path = FOCDefaultProgramProvider.m; sourceTree = "<group>"; };
		F07113611B555DEA00D0A7D1 /* program_wave.png */ = {isa = PBXFileReference; lastKnownFileType = image.png; path = program_wave.png; sourceTree = "<group>"; };
		F07113621B555DEA00D0A7D1 /* program_pulse.png */ = {isa = PBXFileReference; lastKnownFileType = image.png; path = program_pulse.png; sourceTree = "<group>"; };
		F07113631B555DEA00D0A7D1 /* program_gamer.png */ = {isa = PBXFileReference; lastKnownFileType = image.png; path = program_gamer.png; sourceTree = "<group>"; };
		F07113641B555DEA00D0A7D1 /* program_enduro.png */ = {isa = PBXFileReference; lastKnownFileType = image.png; path = program_enduro.png; sourceTree = "<group>"; };
		F07113651B555DEA00D0A7D1 /* program_noise.png */ = {isa = PBXFileReference; lastKnownFileType = image.png; path = program_noise.png; sourceTree = "<group>"; };
		F071136B1B5562E100D0A7D1 /* bluetooth_connected.png */ = {isa = PBXFileReference; lastKnownFileType = image.png; path = bluetooth_connected.png; sourceTree = "<group>"; };
		F071136C1B5562E100D0A7D1 /* bluetooth_disconnected.png */ = {isa = PBXFileReference; lastKnownFileType = image.png; path = bluetooth_disconnected.png; sourceTree = "<group>"; };
		F071136D1B5562E100D0A7D1 /* bluetooth_disabled.png */ = {isa = PBXFileReference; lastKnownFileType = image.png; path = bluetooth_disabled.png; sourceTree = "<group>"; };
		F07113921B56774E00D0A7D1 /* FOCProgramModeWrapper.h */ = {isa = PBXFileReference; fileEncoding = 4; lastKnownFileType = sourcecode.c.h; path = FOCProgramModeWrapper.h; sourceTree = "<group>"; };
		F07113931B56774E00D0A7D1 /* FOCProgramModeWrapper.m */ = {isa = PBXFileReference; fileEncoding = 4; lastKnownFileType = sourcecode.c.objc; path = FOCProgramModeWrapper.m; sourceTree = "<group>"; };
		F07113951B5680C900D0A7D1 /* FOCDisplayAttributeModel.h */ = {isa = PBXFileReference; fileEncoding = 4; lastKnownFileType = sourcecode.c.h; path = FOCDisplayAttributeModel.h; sourceTree = "<group>"; };
		F07113961B5680C900D0A7D1 /* FOCDisplayAttributeModel.m */ = {isa = PBXFileReference; fileEncoding = 4; lastKnownFileType = sourcecode.c.objc; path = FOCDisplayAttributeModel.m; sourceTree = "<group>"; };
		F07113981B569C7700D0A7D1 /* FOCPaddedLabel.h */ = {isa = PBXFileReference; fileEncoding = 4; lastKnownFileType = sourcecode.c.h; path = FOCPaddedLabel.h; sourceTree = "<group>"; };
		F07113991B569C7700D0A7D1 /* FOCPaddedLabel.m */ = {isa = PBXFileReference; fileEncoding = 4; lastKnownFileType = sourcecode.c.objc; path = FOCPaddedLabel.m; sourceTree = "<group>"; };
		F07113DC1B56B85500D0A7D1 /* FocusProgram.xcdatamodel */ = {isa = PBXFileReference; lastKnownFileType = wrapper.xcdatamodel; path = FocusProgram.xcdatamodel; sourceTree = "<group>"; };
		F08834611B42E1310022400A /* FOCDeviceManager.h */ = {isa = PBXFileReference; fileEncoding = 4; lastKnownFileType = sourcecode.c.h; path = FOCDeviceManager.h; sourceTree = "<group>"; };
		F08834621B42E1310022400A /* FOCDeviceManager.m */ = {isa = PBXFileReference; fileEncoding = 4; lastKnownFileType = sourcecode.c.objc; path = FOCDeviceManager.m; sourceTree = "<group>"; };
		F08834641B42E1D90022400A /* FOCDeviceStateDelegate.h */ = {isa = PBXFileReference; lastKnownFileType = sourcecode.c.h; path = FOCDeviceStateDelegate.h; sourceTree = "<group>"; };
		F08E18831B3D691A00FA765C /* Focus.app */ = {isa = PBXFileReference; explicitFileType = wrapper.application; includeInIndex = 0; path = Focus.app; sourceTree = BUILT_PRODUCTS_DIR; };
		F08E18871B3D691A00FA765C /* Info.plist */ = {isa = PBXFileReference; lastKnownFileType = text.plist.xml; path = Info.plist; sourceTree = "<group>"; };
		F08E18881B3D691A00FA765C /* main.m */ = {isa = PBXFileReference; lastKnownFileType = sourcecode.c.objc; path = main.m; sourceTree = "<group>"; };
		F08E188A1B3D691A00FA765C /* FOCAppDelegate.h */ = {isa = PBXFileReference; lastKnownFileType = sourcecode.c.h; path = FOCAppDelegate.h; sourceTree = "<group>"; };
		F08E188B1B3D691A00FA765C /* FOCAppDelegate.m */ = {isa = PBXFileReference; lastKnownFileType = sourcecode.c.objc; path = FOCAppDelegate.m; sourceTree = "<group>"; };
		F08E188D1B3D691A00FA765C /* FOCRootViewController.h */ = {isa = PBXFileReference; lastKnownFileType = sourcecode.c.h; path = FOCRootViewController.h; sourceTree = "<group>"; };
		F08E188E1B3D691A00FA765C /* FOCRootViewController.m */ = {isa = PBXFileReference; lastKnownFileType = sourcecode.c.objc; path = FOCRootViewController.m; sourceTree = "<group>"; };
		F08E18901B3D691A00FA765C /* FOCDataViewController.h */ = {isa = PBXFileReference; lastKnownFileType = sourcecode.c.h; path = FOCDataViewController.h; sourceTree = "<group>"; };
		F08E18911B3D691A00FA765C /* FOCDataViewController.m */ = {isa = PBXFileReference; lastKnownFileType = sourcecode.c.objc; path = FOCDataViewController.m; sourceTree = "<group>"; };
		F08E18931B3D691A00FA765C /* FOCModelController.h */ = {isa = PBXFileReference; lastKnownFileType = sourcecode.c.h; path = FOCModelController.h; sourceTree = "<group>"; };
		F08E18941B3D691A00FA765C /* FOCModelController.m */ = {isa = PBXFileReference; lastKnownFileType = sourcecode.c.objc; path = FOCModelController.m; sourceTree = "<group>"; };
		F08E18971B3D691A00FA765C /* Base */ = {isa = PBXFileReference; lastKnownFileType = file.storyboard; name = Base; path = Base.lproj/Main.storyboard; sourceTree = "<group>"; };
		F08E18991B3D691A00FA765C /* Images.xcassets */ = {isa = PBXFileReference; lastKnownFileType = folder.assetcatalog; path = Images.xcassets; sourceTree = "<group>"; };
		F08E189C1B3D691A00FA765C /* Base */ = {isa = PBXFileReference; lastKnownFileType = file.xib; name = Base; path = Base.lproj/LaunchScreen.xib; sourceTree = "<group>"; };
		F08E18A21B3D691A00FA765C /* FocusTests.xctest */ = {isa = PBXFileReference; explicitFileType = wrapper.cfbundle; includeInIndex = 0; path = FocusTests.xctest; sourceTree = BUILT_PRODUCTS_DIR; };
		F08E18A71B3D691A00FA765C /* Info.plist */ = {isa = PBXFileReference; lastKnownFileType = text.plist.xml; path = Info.plist; sourceTree = "<group>"; };
		F08E18A81B3D691A00FA765C /* FocusTests.m */ = {isa = PBXFileReference; lastKnownFileType = sourcecode.c.objc; path = FocusTests.m; sourceTree = "<group>"; };
		F08E18B21B3D821500FA765C /* CoreBluetooth.framework */ = {isa = PBXFileReference; lastKnownFileType = wrapper.framework; name = CoreBluetooth.framework; path = System/Library/Frameworks/CoreBluetooth.framework; sourceTree = SDKROOT; };
		F08E18B41B3D856600FA765C /* CoreFoundation.framework */ = {isa = PBXFileReference; lastKnownFileType = wrapper.framework; name = CoreFoundation.framework; path = System/Library/Frameworks/CoreFoundation.framework; sourceTree = SDKROOT; };
		F08E18B51B3D856600FA765C /* CoreGraphics.framework */ = {isa = PBXFileReference; lastKnownFileType = wrapper.framework; name = CoreGraphics.framework; path = System/Library/Frameworks/CoreGraphics.framework; sourceTree = SDKROOT; };
		F08E18B81B3D857A00FA765C /* Foundation.framework */ = {isa = PBXFileReference; lastKnownFileType = wrapper.framework; name = Foundation.framework; path = System/Library/Frameworks/Foundation.framework; sourceTree = SDKROOT; };
/* End PBXFileReference section */

/* Begin PBXFrameworksBuildPhase section */
		F08E18801B3D691A00FA765C /* Frameworks */ = {
			isa = PBXFrameworksBuildPhase;
			buildActionMask = 2147483647;
			files = (
				F08E18B91B3D857A00FA765C /* Foundation.framework in Frameworks */,
				F08E18B61B3D856600FA765C /* CoreFoundation.framework in Frameworks */,
				F08E18B71B3D856600FA765C /* CoreGraphics.framework in Frameworks */,
				F08E18B31B3D821500FA765C /* CoreBluetooth.framework in Frameworks */,
			);
			runOnlyForDeploymentPostprocessing = 0;
		};
		F08E189F1B3D691A00FA765C /* Frameworks */ = {
			isa = PBXFrameworksBuildPhase;
			buildActionMask = 2147483647;
			files = (
			);
			runOnlyForDeploymentPostprocessing = 0;
		};
/* End PBXFrameworksBuildPhase section */

/* Begin PBXGroup section */
		F07113391B4E887400D0A7D1 /* manager */ = {
			isa = PBXGroup;
			children = (
				F08834611B42E1310022400A /* FOCDeviceManager.h */,
				F08834621B42E1310022400A /* FOCDeviceManager.m */,
				F07113301B4E793C00D0A7D1 /* FOCCharacteristicDiscoveryManager.h */,
				F07113311B4E793C00D0A7D1 /* FOCCharacteristicDiscoveryManager.m */,
				F07113361B4E85DD00D0A7D1 /* FOCBasePeripheralManager.h */,
				F07113371B4E85DD00D0A7D1 /* FOCBasePeripheralManager.m */,
			);
			name = manager;
			sourceTree = "<group>";
		};
		F071133A1B4E888100D0A7D1 /* requests */ = {
			isa = PBXGroup;
			children = (
				F071133B1B4E88A500D0A7D1 /* FOCProgramSyncManager.h */,
				F071133C1B4E88A500D0A7D1 /* FOCProgramSyncManager.m */,
				F07113411B4FF64000D0A7D1 /* FOCProgramRequestManager.h */,
				F07113421B4FF64000D0A7D1 /* FOCProgramRequestManager.m */,
				F071135B1B551EF800D0A7D1 /* FOCBluetoothPairManager.h */,
				F071135C1B551EF800D0A7D1 /* FOCBluetoothPairManager.m */,
			);
			name = requests;
			sourceTree = "<group>";
		};
		F088345D1B42E0090022400A /* ui */ = {
			isa = PBXGroup;
			children = (
				F07113441B5405B400D0A7D1 /* FOCFontAwesome.h */,
				F07113451B5405B400D0A7D1 /* FOCFontAwesome.m */,
				F07113981B569C7700D0A7D1 /* FOCPaddedLabel.h */,
				F07113991B569C7700D0A7D1 /* FOCPaddedLabel.m */,
			);
			name = ui;
			sourceTree = "<group>";
		};
		F088345E1B42E0210022400A /* controllers */ = {
			isa = PBXGroup;
			children = (
				F08E188D1B3D691A00FA765C /* FOCRootViewController.h */,
				F08E188E1B3D691A00FA765C /* FOCRootViewController.m */,
				F08E18901B3D691A00FA765C /* FOCDataViewController.h */,
				F08E18911B3D691A00FA765C /* FOCDataViewController.m */,
				F08E18931B3D691A00FA765C /* FOCModelController.h */,
				F08E18941B3D691A00FA765C /* FOCModelController.m */,
			);
			name = controllers;
			sourceTree = "<group>";
		};
		F088345F1B42E0270022400A /* model */ = {
			isa = PBXGroup;
			children = (
				F071133E1B4FDE5600D0A7D1 /* FOCDeviceProgramEntity.h */,
				F071133F1B4FDE5600D0A7D1 /* FOCDeviceProgramEntity.m */,
				F071135E1B55543200D0A7D1 /* FOCDefaultProgramProvider.h */,
				F071135F1B55543200D0A7D1 /* FOCDefaultProgramProvider.m */,
				F07113921B56774E00D0A7D1 /* FOCProgramModeWrapper.h */,
				F07113931B56774E00D0A7D1 /* FOCProgramModeWrapper.m */,
				F07113951B5680C900D0A7D1 /* FOCDisplayAttributeModel.h */,
				F07113961B5680C900D0A7D1 /* FOCDisplayAttributeModel.m */,
			);
			name = model;
			sourceTree = "<group>";
		};
		F08834601B42E02C0022400A /* bluetooth */ = {
			isa = PBXGroup;
			children = (
				F071133A1B4E888100D0A7D1 /* requests */,
				F07113391B4E887400D0A7D1 /* manager */,
				F08834641B42E1D90022400A /* FOCDeviceStateDelegate.h */,
				F071131D1B4C232A00D0A7D1 /* FocusConstants.h */,
				F071131E1B4C232A00D0A7D1 /* FocusConstants.m */,
			);
			name = bluetooth;
			sourceTree = "<group>";
		};
		F08E187A1B3D691A00FA765C = {
			isa = PBXGroup;
			children = (
				F08E18B81B3D857A00FA765C /* Foundation.framework */,
				F08E18B41B3D856600FA765C /* CoreFoundation.framework */,
				F08E18B51B3D856600FA765C /* CoreGraphics.framework */,
				F08E18B21B3D821500FA765C /* CoreBluetooth.framework */,
				F08E18851B3D691A00FA765C /* Focus */,
				F08E18A51B3D691A00FA765C /* FocusTests */,
				F08E18841B3D691A00FA765C /* Products */,
			);
			sourceTree = "<group>";
		};
		F08E18841B3D691A00FA765C /* Products */ = {
			isa = PBXGroup;
			children = (
				F08E18831B3D691A00FA765C /* Focus.app */,
				F08E18A21B3D691A00FA765C /* FocusTests.xctest */,
			);
			name = Products;
			sourceTree = "<group>";
		};
		F08E18851B3D691A00FA765C /* Focus */ = {
			isa = PBXGroup;
			children = (
				F07113DB1B56B85500D0A7D1 /* FocusProgram.xcdatamodeld */,
				F07113581B5410EB00D0A7D1 /* FontAwesome.ttf */,
				F088345D1B42E0090022400A /* ui */,
				F088345E1B42E0210022400A /* controllers */,
				F08834601B42E02C0022400A /* bluetooth */,
				F088345F1B42E0270022400A /* model */,
				F08E188A1B3D691A00FA765C /* FOCAppDelegate.h */,
				F08E188B1B3D691A00FA765C /* FOCAppDelegate.m */,
				F08E18961B3D691A00FA765C /* Main.storyboard */,
				F08E18991B3D691A00FA765C /* Images.xcassets */,
				F08E189B1B3D691A00FA765C /* LaunchScreen.xib */,
				F08E18861B3D691A00FA765C /* Supporting Files */,
			);
			path = Focus;
			sourceTree = "<group>";
		};
		F08E18861B3D691A00FA765C /* Supporting Files */ = {
			isa = PBXGroup;
			children = (
				F071136B1B5562E100D0A7D1 /* bluetooth_connected.png */,
				F071136C1B5562E100D0A7D1 /* bluetooth_disconnected.png */,
				F071136D1B5562E100D0A7D1 /* bluetooth_disabled.png */,
				F07113611B555DEA00D0A7D1 /* program_wave.png */,
				F07113621B555DEA00D0A7D1 /* program_pulse.png */,
				F07113631B555DEA00D0A7D1 /* program_gamer.png */,
				F07113641B555DEA00D0A7D1 /* program_enduro.png */,
				F07113651B555DEA00D0A7D1 /* program_noise.png */,
				F08E18871B3D691A00FA765C /* Info.plist */,
				F08E18881B3D691A00FA765C /* main.m */,
			);
			name = "Supporting Files";
			sourceTree = "<group>";
		};
		F08E18A51B3D691A00FA765C /* FocusTests */ = {
			isa = PBXGroup;
			children = (
				F08E18A81B3D691A00FA765C /* FocusTests.m */,
				F08E18A61B3D691A00FA765C /* Supporting Files */,
			);
			path = FocusTests;
			sourceTree = "<group>";
		};
		F08E18A61B3D691A00FA765C /* Supporting Files */ = {
			isa = PBXGroup;
			children = (
				F08E18A71B3D691A00FA765C /* Info.plist */,
			);
			name = "Supporting Files";
			sourceTree = "<group>";
		};
/* End PBXGroup section */

/* Begin PBXNativeTarget section */
		F08E18821B3D691A00FA765C /* Focus */ = {
			isa = PBXNativeTarget;
			buildConfigurationList = F08E18AC1B3D691A00FA765C /* Build configuration list for PBXNativeTarget "Focus" */;
			buildPhases = (
				F08E187F1B3D691A00FA765C /* Sources */,
				F08E18801B3D691A00FA765C /* Frameworks */,
				F08E18811B3D691A00FA765C /* Resources */,
			);
			buildRules = (
			);
			dependencies = (
			);
			name = Focus;
			productName = Focus;
			productReference = F08E18831B3D691A00FA765C /* Focus.app */;
			productType = "com.apple.product-type.application";
		};
		F08E18A11B3D691A00FA765C /* FocusTests */ = {
			isa = PBXNativeTarget;
			buildConfigurationList = F08E18AF1B3D691A00FA765C /* Build configuration list for PBXNativeTarget "FocusTests" */;
			buildPhases = (
				F08E189E1B3D691A00FA765C /* Sources */,
				F08E189F1B3D691A00FA765C /* Frameworks */,
				F08E18A01B3D691A00FA765C /* Resources */,
			);
			buildRules = (
			);
			dependencies = (
				F08E18A41B3D691A00FA765C /* PBXTargetDependency */,
			);
			name = FocusTests;
			productName = FocusTests;
			productReference = F08E18A21B3D691A00FA765C /* FocusTests.xctest */;
			productType = "com.apple.product-type.bundle.unit-test";
		};
/* End PBXNativeTarget section */

/* Begin PBXProject section */
		F08E187B1B3D691A00FA765C /* Project object */ = {
			isa = PBXProject;
			attributes = {
				LastUpgradeCheck = 0610;
				ORGANIZATIONNAME = "Bearded Hen";
				TargetAttributes = {
					F08E18821B3D691A00FA765C = {
						CreatedOnToolsVersion = 6.1.1;
					};
					F08E18A11B3D691A00FA765C = {
						CreatedOnToolsVersion = 6.1.1;
						TestTargetID = F08E18821B3D691A00FA765C;
					};
				};
			};
			buildConfigurationList = F08E187E1B3D691A00FA765C /* Build configuration list for PBXProject "Focus" */;
			compatibilityVersion = "Xcode 3.2";
			developmentRegion = English;
			hasScannedForEncodings = 0;
			knownRegions = (
				en,
				Base,
			);
			mainGroup = F08E187A1B3D691A00FA765C;
			productRefGroup = F08E18841B3D691A00FA765C /* Products */;
			projectDirPath = "";
			projectRoot = "";
			targets = (
				F08E18821B3D691A00FA765C /* Focus */,
				F08E18A11B3D691A00FA765C /* FocusTests */,
			);
		};
/* End PBXProject section */

/* Begin PBXResourcesBuildPhase section */
		F08E18811B3D691A00FA765C /* Resources */ = {
			isa = PBXResourcesBuildPhase;
			buildActionMask = 2147483647;
			files = (
				F07113681B555DEA00D0A7D1 /* program_gamer.png in Resources */,
				F07113691B555DEA00D0A7D1 /* program_enduro.png in Resources */,
				F071135A1B54112800D0A7D1 /* FontAwesome.ttf in Resources */,
				F07113701B5562E100D0A7D1 /* bluetooth_disabled.png in Resources */,
				F08E18981B3D691A00FA765C /* Main.storyboard in Resources */,
				F07113671B555DEA00D0A7D1 /* program_pulse.png in Resources */,
				F071136A1B555DEA00D0A7D1 /* program_noise.png in Resources */,
				F08E189D1B3D691A00FA765C /* LaunchScreen.xib in Resources */,
				F071136E1B5562E100D0A7D1 /* bluetooth_connected.png in Resources */,
				F07113661B555DEA00D0A7D1 /* program_wave.png in Resources */,
				F071136F1B5562E100D0A7D1 /* bluetooth_disconnected.png in Resources */,
				F08E189A1B3D691A00FA765C /* Images.xcassets in Resources */,
			);
			runOnlyForDeploymentPostprocessing = 0;
		};
		F08E18A01B3D691A00FA765C /* Resources */ = {
			isa = PBXResourcesBuildPhase;
			buildActionMask = 2147483647;
			files = (
			);
			runOnlyForDeploymentPostprocessing = 0;
		};
/* End PBXResourcesBuildPhase section */

/* Begin PBXSourcesBuildPhase section */
		F08E187F1B3D691A00FA765C /* Sources */ = {
			isa = PBXSourcesBuildPhase;
			buildActionMask = 2147483647;
			files = (
				F08834631B42E1310022400A /* FOCDeviceManager.m in Sources */,
				F071133D1B4E88A500D0A7D1 /* FOCProgramSyncManager.m in Sources */,
				F08E18921B3D691A00FA765C /* FOCDataViewController.m in Sources */,
				F07113401B4FDE5600D0A7D1 /* FOCDeviceProgramEntity.m in Sources */,
				F08E188C1B3D691A00FA765C /* FOCAppDelegate.m in Sources */,
				F08E18951B3D691A00FA765C /* FOCModelController.m in Sources */,
				F07113431B4FF64000D0A7D1 /* FOCProgramRequestManager.m in Sources */,
				F07113381B4E85DD00D0A7D1 /* FOCBasePeripheralManager.m in Sources */,
				F07113941B56774E00D0A7D1 /* FOCProgramModeWrapper.m in Sources */,
				F07113601B55543200D0A7D1 /* FOCDefaultProgramProvider.m in Sources */,
				F08E18891B3D691A00FA765C /* main.m in Sources */,
				F07113461B5405B400D0A7D1 /* FOCFontAwesome.m in Sources */,
				F07113DD1B56B85500D0A7D1 /* FocusProgram.xcdatamodeld in Sources */,
				F07113321B4E793C00D0A7D1 /* FOCCharacteristicDiscoveryManager.m in Sources */,
				F071135D1B551EF800D0A7D1 /* FOCBluetoothPairManager.m in Sources */,
				F07113971B5680C900D0A7D1 /* FOCDisplayAttributeModel.m in Sources */,
				F071131F1B4C232A00D0A7D1 /* FocusConstants.m in Sources */,
				F08E188F1B3D691A00FA765C /* FOCRootViewController.m in Sources */,
				F071139A1B569C7700D0A7D1 /* FOCPaddedLabel.m in Sources */,
			);
			runOnlyForDeploymentPostprocessing = 0;
		};
		F08E189E1B3D691A00FA765C /* Sources */ = {
			isa = PBXSourcesBuildPhase;
			buildActionMask = 2147483647;
			files = (
				F08E18A91B3D691A00FA765C /* FocusTests.m in Sources */,
			);
			runOnlyForDeploymentPostprocessing = 0;
		};
/* End PBXSourcesBuildPhase section */

/* Begin PBXTargetDependency section */
		F08E18A41B3D691A00FA765C /* PBXTargetDependency */ = {
			isa = PBXTargetDependency;
			target = F08E18821B3D691A00FA765C /* Focus */;
			targetProxy = F08E18A31B3D691A00FA765C /* PBXContainerItemProxy */;
		};
/* End PBXTargetDependency section */

/* Begin PBXVariantGroup section */
		F08E18961B3D691A00FA765C /* Main.storyboard */ = {
			isa = PBXVariantGroup;
			children = (
				F08E18971B3D691A00FA765C /* Base */,
			);
			name = Main.storyboard;
			sourceTree = "<group>";
		};
		F08E189B1B3D691A00FA765C /* LaunchScreen.xib */ = {
			isa = PBXVariantGroup;
			children = (
				F08E189C1B3D691A00FA765C /* Base */,
			);
			name = LaunchScreen.xib;
			sourceTree = "<group>";
		};
/* End PBXVariantGroup section */

/* Begin XCBuildConfiguration section */
		F08E18AA1B3D691A00FA765C /* Debug */ = {
			isa = XCBuildConfiguration;
			buildSettings = {
				ALWAYS_SEARCH_USER_PATHS = NO;
				CLANG_CXX_LANGUAGE_STANDARD = "gnu++0x";
				CLANG_CXX_LIBRARY = "libc++";
				CLANG_ENABLE_MODULES = YES;
				CLANG_ENABLE_OBJC_ARC = YES;
				CLANG_WARN_BOOL_CONVERSION = YES;
				CLANG_WARN_CONSTANT_CONVERSION = YES;
				CLANG_WARN_DIRECT_OBJC_ISA_USAGE = YES_ERROR;
				CLANG_WARN_EMPTY_BODY = YES;
				CLANG_WARN_ENUM_CONVERSION = YES;
				CLANG_WARN_INT_CONVERSION = YES;
				CLANG_WARN_OBJC_ROOT_CLASS = YES_ERROR;
				CLANG_WARN_UNREACHABLE_CODE = YES;
				CLANG_WARN__DUPLICATE_METHOD_MATCH = YES;
				"CODE_SIGN_IDENTITY[sdk=iphoneos*]" = "iPhone Developer";
				COPY_PHASE_STRIP = NO;
				ENABLE_STRICT_OBJC_MSGSEND = YES;
				GCC_C_LANGUAGE_STANDARD = gnu99;
				GCC_DYNAMIC_NO_PIC = NO;
				GCC_OPTIMIZATION_LEVEL = 0;
				GCC_PREPROCESSOR_DEFINITIONS = (
					"DEBUG=1",
					"$(inherited)",
				);
				GCC_SYMBOLS_PRIVATE_EXTERN = NO;
				GCC_WARN_64_TO_32_BIT_CONVERSION = YES;
				GCC_WARN_ABOUT_RETURN_TYPE = YES_ERROR;
				GCC_WARN_UNDECLARED_SELECTOR = YES;
				GCC_WARN_UNINITIALIZED_AUTOS = YES_AGGRESSIVE;
				GCC_WARN_UNUSED_FUNCTION = YES;
				GCC_WARN_UNUSED_VARIABLE = YES;
				IPHONEOS_DEPLOYMENT_TARGET = 8.1;
				MTL_ENABLE_DEBUG_INFO = YES;
				ONLY_ACTIVE_ARCH = YES;
				SDKROOT = iphoneos;
			};
			name = Debug;
		};
		F08E18AB1B3D691A00FA765C /* Release */ = {
			isa = XCBuildConfiguration;
			buildSettings = {
				ALWAYS_SEARCH_USER_PATHS = NO;
				CLANG_CXX_LANGUAGE_STANDARD = "gnu++0x";
				CLANG_CXX_LIBRARY = "libc++";
				CLANG_ENABLE_MODULES = YES;
				CLANG_ENABLE_OBJC_ARC = YES;
				CLANG_WARN_BOOL_CONVERSION = YES;
				CLANG_WARN_CONSTANT_CONVERSION = YES;
				CLANG_WARN_DIRECT_OBJC_ISA_USAGE = YES_ERROR;
				CLANG_WARN_EMPTY_BODY = YES;
				CLANG_WARN_ENUM_CONVERSION = YES;
				CLANG_WARN_INT_CONVERSION = YES;
				CLANG_WARN_OBJC_ROOT_CLASS = YES_ERROR;
				CLANG_WARN_UNREACHABLE_CODE = YES;
				CLANG_WARN__DUPLICATE_METHOD_MATCH = YES;
				"CODE_SIGN_IDENTITY[sdk=iphoneos*]" = "iPhone Developer";
				COPY_PHASE_STRIP = YES;
				ENABLE_NS_ASSERTIONS = NO;
				ENABLE_STRICT_OBJC_MSGSEND = YES;
				GCC_C_LANGUAGE_STANDARD = gnu99;
				GCC_WARN_64_TO_32_BIT_CONVERSION = YES;
				GCC_WARN_ABOUT_RETURN_TYPE = YES_ERROR;
				GCC_WARN_UNDECLARED_SELECTOR = YES;
				GCC_WARN_UNINITIALIZED_AUTOS = YES_AGGRESSIVE;
				GCC_WARN_UNUSED_FUNCTION = YES;
				GCC_WARN_UNUSED_VARIABLE = YES;
				IPHONEOS_DEPLOYMENT_TARGET = 8.1;
				MTL_ENABLE_DEBUG_INFO = NO;
				SDKROOT = iphoneos;
				VALIDATE_PRODUCT = YES;
			};
			name = Release;
		};
		F08E18AD1B3D691A00FA765C /* Debug */ = {
			isa = XCBuildConfiguration;
			buildSettings = {
				ASSETCATALOG_COMPILER_APPICON_NAME = AppIcon;
				CODE_SIGN_IDENTITY = "iOS Development: Peter Hendry (3V295AV9B2)";
				INFOPLIST_FILE = Focus/Info.plist;
				IPHONEOS_DEPLOYMENT_TARGET = 7.1;
				LD_RUNPATH_SEARCH_PATHS = "$(inherited) @executable_path/Frameworks";
				PRODUCT_NAME = "$(TARGET_NAME)";
			};
			name = Debug;
		};
		F08E18AE1B3D691A00FA765C /* Release */ = {
			isa = XCBuildConfiguration;
			buildSettings = {
				ASSETCATALOG_COMPILER_APPICON_NAME = AppIcon;
				CODE_SIGN_IDENTITY = "iOS Development: Peter Hendry (3V295AV9B2)";
				INFOPLIST_FILE = Focus/Info.plist;
				IPHONEOS_DEPLOYMENT_TARGET = 7.1;
				LD_RUNPATH_SEARCH_PATHS = "$(inherited) @executable_path/Frameworks";
				PRODUCT_NAME = "$(TARGET_NAME)";
			};
			name = Release;
		};
		F08E18B01B3D691A00FA765C /* Debug */ = {
			isa = XCBuildConfiguration;
			buildSettings = {
				BUNDLE_LOADER = "$(TEST_HOST)";
				FRAMEWORK_SEARCH_PATHS = (
					"$(SDKROOT)/Developer/Library/Frameworks",
					"$(inherited)",
				);
				GCC_PREPROCESSOR_DEFINITIONS = (
					"DEBUG=1",
					"$(inherited)",
				);
				INFOPLIST_FILE = FocusTests/Info.plist;
				LD_RUNPATH_SEARCH_PATHS = "$(inherited) @executable_path/Frameworks @loader_path/Frameworks";
				PRODUCT_NAME = "$(TARGET_NAME)";
				TEST_HOST = "$(BUILT_PRODUCTS_DIR)/Focus.app/Focus";
			};
			name = Debug;
		};
		F08E18B11B3D691A00FA765C /* Release */ = {
			isa = XCBuildConfiguration;
			buildSettings = {
				BUNDLE_LOADER = "$(TEST_HOST)";
				FRAMEWORK_SEARCH_PATHS = (
					"$(SDKROOT)/Developer/Library/Frameworks",
					"$(inherited)",
				);
				INFOPLIST_FILE = FocusTests/Info.plist;
				LD_RUNPATH_SEARCH_PATHS = "$(inherited) @executable_path/Frameworks @loader_path/Frameworks";
				PRODUCT_NAME = "$(TARGET_NAME)";
				TEST_HOST = "$(BUILT_PRODUCTS_DIR)/Focus.app/Focus";
			};
			name = Release;
		};
/* End XCBuildConfiguration section */

/* Begin XCConfigurationList section */
		F08E187E1B3D691A00FA765C /* Build configuration list for PBXProject "Focus" */ = {
			isa = XCConfigurationList;
			buildConfigurations = (
				F08E18AA1B3D691A00FA765C /* Debug */,
				F08E18AB1B3D691A00FA765C /* Release */,
			);
			defaultConfigurationIsVisible = 0;
			defaultConfigurationName = Release;
		};
		F08E18AC1B3D691A00FA765C /* Build configuration list for PBXNativeTarget "Focus" */ = {
			isa = XCConfigurationList;
			buildConfigurations = (
				F08E18AD1B3D691A00FA765C /* Debug */,
				F08E18AE1B3D691A00FA765C /* Release */,
			);
			defaultConfigurationIsVisible = 0;
			defaultConfigurationName = Release;
		};
		F08E18AF1B3D691A00FA765C /* Build configuration list for PBXNativeTarget "FocusTests" */ = {
			isa = XCConfigurationList;
			buildConfigurations = (
				F08E18B01B3D691A00FA765C /* Debug */,
				F08E18B11B3D691A00FA765C /* Release */,
			);
			defaultConfigurationIsVisible = 0;
			defaultConfigurationName = Release;
		};
/* End XCConfigurationList section */

/* Begin XCVersionGroup section */
		F07113DB1B56B85500D0A7D1 /* FocusProgram.xcdatamodeld */ = {
			isa = XCVersionGroup;
			children = (
				F07113DC1B56B85500D0A7D1 /* FocusProgram.xcdatamodel */,
			);
			currentVersion = F07113DC1B56B85500D0A7D1 /* FocusProgram.xcdatamodel */;
			path = FocusProgram.xcdatamodeld;
			sourceTree = "<group>";
			versionGroupType = wrapper.xcdatamodel;
		};
/* End XCVersionGroup section */
	};
	rootObject = F08E187B1B3D691A00FA765C /* Project object */;
}
